// !$*UTF8*$!
{
	archiveVersion = 1;
	classes = {
	};
	objectVersion = 46;
	objects = {

/* Begin PBXBuildFile section */
		1A1F3EDE1D5966FC00D1FC94 /* BasicAnimationVC.m in Sources */ = {isa = PBXBuildFile; fileRef = 1A1F3EDD1D5966FC00D1FC94 /* BasicAnimationVC.m */; };
		1A1F3EE11D59857100D1FC94 /* BoomAnimationVC.m in Sources */ = {isa = PBXBuildFile; fileRef = 1A1F3EE01D59857100D1FC94 /* BoomAnimationVC.m */; };
		1A1F3EE41D5985F700D1FC94 /* UIView+boom.m in Sources */ = {isa = PBXBuildFile; fileRef = 1A1F3EE31D5985F700D1FC94 /* UIView+boom.m */; };
		1AF0C0A31D586229009CC363 /* main.m in Sources */ = {isa = PBXBuildFile; fileRef = 1AF0C0A21D586229009CC363 /* main.m */; };
		1AF0C0A61D586229009CC363 /* AppDelegate.m in Sources */ = {isa = PBXBuildFile; fileRef = 1AF0C0A51D586229009CC363 /* AppDelegate.m */; };
		1AF0C0A91D586229009CC363 /* ViewController.m in Sources */ = {isa = PBXBuildFile; fileRef = 1AF0C0A81D586229009CC363 /* ViewController.m */; };
		1AF0C0AC1D586229009CC363 /* Main.storyboard in Resources */ = {isa = PBXBuildFile; fileRef = 1AF0C0AA1D586229009CC363 /* Main.storyboard */; };
		1AF0C0AE1D586229009CC363 /* Assets.xcassets in Resources */ = {isa = PBXBuildFile; fileRef = 1AF0C0AD1D586229009CC363 /* Assets.xcassets */; };
		1AF0C0B11D586229009CC363 /* LaunchScreen.storyboard in Resources */ = {isa = PBXBuildFile; fileRef = 1AF0C0AF1D586229009CC363 /* LaunchScreen.storyboard */; };
		1AF0C0BA1D58625C009CC363 /* MethodsListViewController.m in Sources */ = {isa = PBXBuildFile; fileRef = 1AF0C0B91D58625C009CC363 /* MethodsListViewController.m */; };
		1AF0C0BD1D58639B009CC363 /* JumpAnimationVC.m in Sources */ = {isa = PBXBuildFile; fileRef = 1AF0C0BC1D58639B009CC363 /* JumpAnimationVC.m */; };
		1AF0C0C01D586ACB009CC363 /* LoadWebVC.m in Sources */ = {isa = PBXBuildFile; fileRef = 1AF0C0BF1D586ACB009CC363 /* LoadWebVC.m */; };
		1AF0C0C31D586E46009CC363 /* NSString+ColorCategory.m in Sources */ = {isa = PBXBuildFile; fileRef = 1AF0C0C21D586E46009CC363 /* NSString+ColorCategory.m */; };
		1AF0C0C61D586E57009CC363 /* BaseViewController.m in Sources */ = {isa = PBXBuildFile; fileRef = 1AF0C0C51D586E57009CC363 /* BaseViewController.m */; };
		1AF0C0CA1D5873E6009CC363 /* GuideView.m in Sources */ = {isa = PBXBuildFile; fileRef = 1AF0C0C91D5873E6009CC363 /* GuideView.m */; };
		5771A47E2D128506F66713C4 /* libPods-myall.a in Frameworks */ = {isa = PBXBuildFile; fileRef = 1A174209A24CE9A5691DA4C3 /* libPods-myall.a */; };
/* End PBXBuildFile section */

/* Begin PBXFileReference section */
		1A174209A24CE9A5691DA4C3 /* libPods-myall.a */ = {isa = PBXFileReference; explicitFileType = archive.ar; includeInIndex = 0; path = "libPods-myall.a"; sourceTree = BUILT_PRODUCTS_DIR; };
		1A1F3EDC1D5966FC00D1FC94 /* BasicAnimationVC.h */ = {isa = PBXFileReference; fileEncoding = 4; lastKnownFileType = sourcecode.c.h; path = BasicAnimationVC.h; sourceTree = "<group>"; };
		1A1F3EDD1D5966FC00D1FC94 /* BasicAnimationVC.m */ = {isa = PBXFileReference; fileEncoding = 4; lastKnownFileType = sourcecode.c.objc; path = BasicAnimationVC.m; sourceTree = "<group>"; };
		1A1F3EDF1D59857100D1FC94 /* BoomAnimationVC.h */ = {isa = PBXFileReference; fileEncoding = 4; lastKnownFileType = sourcecode.c.h; path = BoomAnimationVC.h; sourceTree = "<group>"; };
		1A1F3EE01D59857100D1FC94 /* BoomAnimationVC.m */ = {isa = PBXFileReference; fileEncoding = 4; lastKnownFileType = sourcecode.c.objc; path = BoomAnimationVC.m; sourceTree = "<group>"; };
		1A1F3EE21D5985F700D1FC94 /* UIView+boom.h */ = {isa = PBXFileReference; fileEncoding = 4; lastKnownFileType = sourcecode.c.h; path = "UIView+boom.h"; sourceTree = "<group>"; };
		1A1F3EE31D5985F700D1FC94 /* UIView+boom.m */ = {isa = PBXFileReference; fileEncoding = 4; lastKnownFileType = sourcecode.c.objc; path = "UIView+boom.m"; sourceTree = "<group>"; };
		1AF0C09E1D586229009CC363 /* myall.app */ = {isa = PBXFileReference; explicitFileType = wrapper.application; includeInIndex = 0; path = myall.app; sourceTree = BUILT_PRODUCTS_DIR; };
		1AF0C0A21D586229009CC363 /* main.m */ = {isa = PBXFileReference; lastKnownFileType = sourcecode.c.objc; path = main.m; sourceTree = "<group>"; };
		1AF0C0A41D586229009CC363 /* AppDelegate.h */ = {isa = PBXFileReference; lastKnownFileType = sourcecode.c.h; path = AppDelegate.h; sourceTree = "<group>"; };
		1AF0C0A51D586229009CC363 /* AppDelegate.m */ = {isa = PBXFileReference; lastKnownFileType = sourcecode.c.objc; path = AppDelegate.m; sourceTree = "<group>"; };
		1AF0C0A71D586229009CC363 /* ViewController.h */ = {isa = PBXFileReference; lastKnownFileType = sourcecode.c.h; path = ViewController.h; sourceTree = "<group>"; };
		1AF0C0A81D586229009CC363 /* ViewController.m */ = {isa = PBXFileReference; lastKnownFileType = sourcecode.c.objc; path = ViewController.m; sourceTree = "<group>"; };
		1AF0C0AB1D586229009CC363 /* Base */ = {isa = PBXFileReference; lastKnownFileType = file.storyboard; name = Base; path = Base.lproj/Main.storyboard; sourceTree = "<group>"; };
		1AF0C0AD1D586229009CC363 /* Assets.xcassets */ = {isa = PBXFileReference; lastKnownFileType = folder.assetcatalog; path = Assets.xcassets; sourceTree = "<group>"; };
		1AF0C0B01D586229009CC363 /* Base */ = {isa = PBXFileReference; lastKnownFileType = file.storyboard; name = Base; path = Base.lproj/LaunchScreen.storyboard; sourceTree = "<group>"; };
		1AF0C0B21D586229009CC363 /* Info.plist */ = {isa = PBXFileReference; lastKnownFileType = text.plist.xml; path = Info.plist; sourceTree = "<group>"; };
		1AF0C0B81D58625C009CC363 /* MethodsListViewController.h */ = {isa = PBXFileReference; fileEncoding = 4; lastKnownFileType = sourcecode.c.h; path = MethodsListViewController.h; sourceTree = "<group>"; };
		1AF0C0B91D58625C009CC363 /* MethodsListViewController.m */ = {isa = PBXFileReference; fileEncoding = 4; lastKnownFileType = sourcecode.c.objc; path = MethodsListViewController.m; sourceTree = "<group>"; };
		1AF0C0BB1D58639B009CC363 /* JumpAnimationVC.h */ = {isa = PBXFileReference; fileEncoding = 4; lastKnownFileType = sourcecode.c.h; path = JumpAnimationVC.h; sourceTree = "<group>"; };
		1AF0C0BC1D58639B009CC363 /* JumpAnimationVC.m */ = {isa = PBXFileReference; fileEncoding = 4; lastKnownFileType = sourcecode.c.objc; path = JumpAnimationVC.m; sourceTree = "<group>"; };
		1AF0C0BE1D586ACB009CC363 /* LoadWebVC.h */ = {isa = PBXFileReference; fileEncoding = 4; lastKnownFileType = sourcecode.c.h; path = LoadWebVC.h; sourceTree = "<group>"; };
		1AF0C0BF1D586ACB009CC363 /* LoadWebVC.m */ = {isa = PBXFileReference; fileEncoding = 4; lastKnownFileType = sourcecode.c.objc; path = LoadWebVC.m; sourceTree = "<group>"; };
		1AF0C0C11D586E46009CC363 /* NSString+ColorCategory.h */ = {isa = PBXFileReference; fileEncoding = 4; lastKnownFileType = sourcecode.c.h; path = "NSString+ColorCategory.h"; sourceTree = "<group>"; };
		1AF0C0C21D586E46009CC363 /* NSString+ColorCategory.m */ = {isa = PBXFileReference; fileEncoding = 4; lastKnownFileType = sourcecode.c.objc; path = "NSString+ColorCategory.m"; sourceTree = "<group>"; };
		1AF0C0C41D586E57009CC363 /* BaseViewController.h */ = {isa = PBXFileReference; fileEncoding = 4; lastKnownFileType = sourcecode.c.h; path = BaseViewController.h; sourceTree = "<group>"; };
		1AF0C0C51D586E57009CC363 /* BaseViewController.m */ = {isa = PBXFileReference; fileEncoding = 4; lastKnownFileType = sourcecode.c.objc; path = BaseViewController.m; sourceTree = "<group>"; };
		1AF0C0C81D5873E6009CC363 /* GuideView.h */ = {isa = PBXFileReference; fileEncoding = 4; lastKnownFileType = sourcecode.c.h; path = GuideView.h; sourceTree = "<group>"; };
		1AF0C0C91D5873E6009CC363 /* GuideView.m */ = {isa = PBXFileReference; fileEncoding = 4; lastKnownFileType = sourcecode.c.objc; path = GuideView.m; sourceTree = "<group>"; };
		1AF0C0CB1D587513009CC363 /* Constants.h */ = {isa = PBXFileReference; lastKnownFileType = sourcecode.c.h; path = Constants.h; sourceTree = "<group>"; };
		6E7FAF3AED73E08F5CA3F5E3 /* Pods-myall.release.xcconfig */ = {isa = PBXFileReference; includeInIndex = 1; lastKnownFileType = text.xcconfig; name = "Pods-myall.release.xcconfig"; path = "Pods/Target Support Files/Pods-myall/Pods-myall.release.xcconfig"; sourceTree = "<group>"; };
		ACDC2A7E91CE422C70A3B1FA /* Pods-myall.debug.xcconfig */ = {isa = PBXFileReference; includeInIndex = 1; lastKnownFileType = text.xcconfig; name = "Pods-myall.debug.xcconfig"; path = "Pods/Target Support Files/Pods-myall/Pods-myall.debug.xcconfig"; sourceTree = "<group>"; };
/* End PBXFileReference section */

/* Begin PBXFrameworksBuildPhase section */
		1AF0C09B1D586229009CC363 /* Frameworks */ = {
			isa = PBXFrameworksBuildPhase;
			buildActionMask = 2147483647;
			files = (
				5771A47E2D128506F66713C4 /* libPods-myall.a in Frameworks */,
			);
			runOnlyForDeploymentPostprocessing = 0;
		};
/* End PBXFrameworksBuildPhase section */

/* Begin PBXGroup section */
		18A4EB8B9517946403F42F41 /* Frameworks */ = {
			isa = PBXGroup;
			children = (
				1A174209A24CE9A5691DA4C3 /* libPods-myall.a */,
			);
			name = Frameworks;
			sourceTree = "<group>";
		};
		1AF0C0951D586229009CC363 = {
			isa = PBXGroup;
			children = (
				1AF0C0A01D586229009CC363 /* myall */,
				1AF0C09F1D586229009CC363 /* Products */,
				AD66384AC596923CFBB10AA9 /* Pods */,
				18A4EB8B9517946403F42F41 /* Frameworks */,
			);
			sourceTree = "<group>";
		};
		1AF0C09F1D586229009CC363 /* Products */ = {
			isa = PBXGroup;
			children = (
				1AF0C09E1D586229009CC363 /* myall.app */,
			);
			name = Products;
			sourceTree = "<group>";
		};
		1AF0C0A01D586229009CC363 /* myall */ = {
			isa = PBXGroup;
			children = (
				1AF0C0C71D586E60009CC363 /* base */,
				1AF0C0A41D586229009CC363 /* AppDelegate.h */,
				1AF0C0A51D586229009CC363 /* AppDelegate.m */,
				1AF0C0B81D58625C009CC363 /* MethodsListViewController.h */,
				1AF0C0B91D58625C009CC363 /* MethodsListViewController.m */,
				1AF0C0BB1D58639B009CC363 /* JumpAnimationVC.h */,
				1AF0C0BC1D58639B009CC363 /* JumpAnimationVC.m */,
				1A1F3EDC1D5966FC00D1FC94 /* BasicAnimationVC.h */,
				1A1F3EDD1D5966FC00D1FC94 /* BasicAnimationVC.m */,
				1AF0C0BE1D586ACB009CC363 /* LoadWebVC.h */,
				1AF0C0BF1D586ACB009CC363 /* LoadWebVC.m */,
				1A1F3EDF1D59857100D1FC94 /* BoomAnimationVC.h */,
				1A1F3EE01D59857100D1FC94 /* BoomAnimationVC.m */,
				1AF0C0A71D586229009CC363 /* ViewController.h */,
				1AF0C0A81D586229009CC363 /* ViewController.m */,
				1AF0C0AA1D586229009CC363 /* Main.storyboard */,
				1AF0C0AD1D586229009CC363 /* Assets.xcassets */,
				1AF0C0AF1D586229009CC363 /* LaunchScreen.storyboard */,
				1AF0C0B21D586229009CC363 /* Info.plist */,
				1AF0C0A11D586229009CC363 /* Supporting Files */,
			);
			path = myall;
			sourceTree = "<group>";
		};
		1AF0C0A11D586229009CC363 /* Supporting Files */ = {
			isa = PBXGroup;
			children = (
				1AF0C0A21D586229009CC363 /* main.m */,
			);
			name = "Supporting Files";
			sourceTree = "<group>";
		};
		1AF0C0C71D586E60009CC363 /* base */ = {
			isa = PBXGroup;
			children = (
				1AF0C0C41D586E57009CC363 /* BaseViewController.h */,
				1AF0C0C51D586E57009CC363 /* BaseViewController.m */,
				1AF0C0C11D586E46009CC363 /* NSString+ColorCategory.h */,
				1AF0C0C21D586E46009CC363 /* NSString+ColorCategory.m */,
				1AF0C0C81D5873E6009CC363 /* GuideView.h */,
				1AF0C0C91D5873E6009CC363 /* GuideView.m */,
				1AF0C0CB1D587513009CC363 /* Constants.h */,
				1A1F3EE21D5985F700D1FC94 /* UIView+boom.h */,
				1A1F3EE31D5985F700D1FC94 /* UIView+boom.m */,
			);
			name = base;
			sourceTree = "<group>";
		};
		AD66384AC596923CFBB10AA9 /* Pods */ = {
			isa = PBXGroup;
			children = (
				ACDC2A7E91CE422C70A3B1FA /* Pods-myall.debug.xcconfig */,
				6E7FAF3AED73E08F5CA3F5E3 /* Pods-myall.release.xcconfig */,
			);
			name = Pods;
			sourceTree = "<group>";
		};
/* End PBXGroup section */

/* Begin PBXNativeTarget section */
		1AF0C09D1D586229009CC363 /* myall */ = {
			isa = PBXNativeTarget;
			buildConfigurationList = 1AF0C0B51D586229009CC363 /* Build configuration list for PBXNativeTarget "myall" */;
			buildPhases = (
				9ECB46206F5A8F05CEA754CC /* [CP] Check Pods Manifest.lock */,
				1AF0C09A1D586229009CC363 /* Sources */,
				1AF0C09B1D586229009CC363 /* Frameworks */,
				1AF0C09C1D586229009CC363 /* Resources */,
				214DFD179A8E5F6966FB77D4 /* [CP] Embed Pods Frameworks */,
				E344B3BD9871E92C9EFB6CCF /* [CP] Copy Pods Resources */,
			);
			buildRules = (
			);
			dependencies = (
			);
			name = myall;
			productName = myall;
			productReference = 1AF0C09E1D586229009CC363 /* myall.app */;
			productType = "com.apple.product-type.application";
		};
/* End PBXNativeTarget section */

/* Begin PBXProject section */
		1AF0C0961D586229009CC363 /* Project object */ = {
			isa = PBXProject;
			attributes = {
				LastUpgradeCheck = 0720;
				ORGANIZATIONNAME = cmcc;
				TargetAttributes = {
					1AF0C09D1D586229009CC363 = {
						CreatedOnToolsVersion = 7.2;
						DevelopmentTeam = 2WCLL6EYSZ;
					};
				};
			};
			buildConfigurationList = 1AF0C0991D586229009CC363 /* Build configuration list for PBXProject "myall" */;
			compatibilityVersion = "Xcode 3.2";
			developmentRegion = English;
			hasScannedForEncodings = 0;
			knownRegions = (
				en,
				Base,
			);
			mainGroup = 1AF0C0951D586229009CC363;
			productRefGroup = 1AF0C09F1D586229009CC363 /* Products */;
			projectDirPath = "";
			projectRoot = "";
			targets = (
				1AF0C09D1D586229009CC363 /* myall */,
			);
		};
/* End PBXProject section */

/* Begin PBXResourcesBuildPhase section */
		1AF0C09C1D586229009CC363 /* Resources */ = {
			isa = PBXResourcesBuildPhase;
			buildActionMask = 2147483647;
			files = (
				1AF0C0B11D586229009CC363 /* LaunchScreen.storyboard in Resources */,
				1AF0C0AE1D586229009CC363 /* Assets.xcassets in Resources */,
				1AF0C0AC1D586229009CC363 /* Main.storyboard in Resources */,
			);
			runOnlyForDeploymentPostprocessing = 0;
		};
/* End PBXResourcesBuildPhase section */

/* Begin PBXShellScriptBuildPhase section */
		214DFD179A8E5F6966FB77D4 /* [CP] Embed Pods Frameworks */ = {
			isa = PBXShellScriptBuildPhase;
			buildActionMask = 2147483647;
			files = (
			);
			inputPaths = (
			);
			name = "[CP] Embed Pods Frameworks";
			outputPaths = (
			);
			runOnlyForDeploymentPostprocessing = 0;
			shellPath = /bin/sh;
			shellScript = "\"${SRCROOT}/Pods/Target Support Files/Pods-myall/Pods-myall-frameworks.sh\"\n";
			showEnvVarsInLog = 0;
		};
		9ECB46206F5A8F05CEA754CC /* [CP] Check Pods Manifest.lock */ = {
			isa = PBXShellScriptBuildPhase;
			buildActionMask = 2147483647;
			files = (
			);
			inputPaths = (
			);
			name = "[CP] Check Pods Manifest.lock";
			outputPaths = (
			);
			runOnlyForDeploymentPostprocessing = 0;
			shellPath = /bin/sh;
			shellScript = "diff \"${PODS_ROOT}/../Podfile.lock\" \"${PODS_ROOT}/Manifest.lock\" > /dev/null\nif [[ $? != 0 ]] ; then\n    cat << EOM\nerror: The sandbox is not in sync with the Podfile.lock. Run 'pod install' or update your CocoaPods installation.\nEOM\n    exit 1\nfi\n";
			showEnvVarsInLog = 0;
		};
		E344B3BD9871E92C9EFB6CCF /* [CP] Copy Pods Resources */ = {
			isa = PBXShellScriptBuildPhase;
			buildActionMask = 2147483647;
			files = (
			);
			inputPaths = (
			);
			name = "[CP] Copy Pods Resources";
			outputPaths = (
			);
			runOnlyForDeploymentPostprocessing = 0;
			shellPath = /bin/sh;
			shellScript = "\"${SRCROOT}/Pods/Target Support Files/Pods-myall/Pods-myall-resources.sh\"\n";
			showEnvVarsInLog = 0;
		};
/* End PBXShellScriptBuildPhase section */

/* Begin PBXSourcesBuildPhase section */
		1AF0C09A1D586229009CC363 /* Sources */ = {
			isa = PBXSourcesBuildPhase;
			buildActionMask = 2147483647;
			files = (
				1A1F3EE11D59857100D1FC94 /* BoomAnimationVC.m in Sources */,
				1A1F3EDE1D5966FC00D1FC94 /* BasicAnimationVC.m in Sources */,
				1AF0C0A91D586229009CC363 /* ViewController.m in Sources */,
				1AF0C0C61D586E57009CC363 /* BaseViewController.m in Sources */,
				1AF0C0BD1D58639B009CC363 /* JumpAnimationVC.m in Sources */,
				1AF0C0CA1D5873E6009CC363 /* GuideView.m in Sources */,
				1AF0C0BA1D58625C009CC363 /* MethodsListViewController.m in Sources */,
				1AF0C0C01D586ACB009CC363 /* LoadWebVC.m in Sources */,
				1AF0C0C31D586E46009CC363 /* NSString+ColorCategory.m in Sources */,
				1A1F3EE41D5985F700D1FC94 /* UIView+boom.m in Sources */,
				1AF0C0A61D586229009CC363 /* AppDelegate.m in Sources */,
				1AF0C0A31D586229009CC363 /* main.m in Sources */,
			);
			runOnlyForDeploymentPostprocessing = 0;
		};
/* End PBXSourcesBuildPhase section */

/* Begin PBXVariantGroup section */
		1AF0C0AA1D586229009CC363 /* Main.storyboard */ = {
			isa = PBXVariantGroup;
			children = (
				1AF0C0AB1D586229009CC363 /* Base */,
			);
			name = Main.storyboard;
			sourceTree = "<group>";
		};
		1AF0C0AF1D586229009CC363 /* LaunchScreen.storyboard */ = {
			isa = PBXVariantGroup;
			children = (
				1AF0C0B01D586229009CC363 /* Base */,
			);
			name = LaunchScreen.storyboard;
			sourceTree = "<group>";
		};
/* End PBXVariantGroup section */

/* Begin XCBuildConfiguration section */
		1AF0C0B31D586229009CC363 /* Debug */ = {
			isa = XCBuildConfiguration;
			buildSettings = {
				ALWAYS_SEARCH_USER_PATHS = NO;
				CLANG_CXX_LANGUAGE_STANDARD = "gnu++0x";
				CLANG_CXX_LIBRARY = "libc++";
				CLANG_ENABLE_MODULES = YES;
				CLANG_ENABLE_OBJC_ARC = YES;
				CLANG_WARN_BOOL_CONVERSION = YES;
				CLANG_WARN_CONSTANT_CONVERSION = YES;
				CLANG_WARN_DIRECT_OBJC_ISA_USAGE = YES_ERROR;
				CLANG_WARN_EMPTY_BODY = YES;
				CLANG_WARN_ENUM_CONVERSION = YES;
				CLANG_WARN_INT_CONVERSION = YES;
				CLANG_WARN_OBJC_ROOT_CLASS = YES_ERROR;
				CLANG_WARN_UNREACHABLE_CODE = YES;
				CLANG_WARN__DUPLICATE_METHOD_MATCH = YES;
				"CODE_SIGN_IDENTITY[sdk=iphoneos*]" = "iPhone Developer";
				COPY_PHASE_STRIP = NO;
				DEBUG_INFORMATION_FORMAT = dwarf;
				ENABLE_STRICT_OBJC_MSGSEND = YES;
				ENABLE_TESTABILITY = YES;
				GCC_C_LANGUAGE_STANDARD = gnu99;
				GCC_DYNAMIC_NO_PIC = NO;
				GCC_NO_COMMON_BLOCKS = YES;
				GCC_OPTIMIZATION_LEVEL = 0;
				GCC_PREPROCESSOR_DEFINITIONS = (
					"DEBUG=1",
					"$(inherited)",
				);
				GCC_WARN_64_TO_32_BIT_CONVERSION = YES;
				GCC_WARN_ABOUT_RETURN_TYPE = YES_ERROR;
				GCC_WARN_UNDECLARED_SELECTOR = YES;
				GCC_WARN_UNINITIALIZED_AUTOS = YES_AGGRESSIVE;
				GCC_WARN_UNUSED_FUNCTION = YES;
				GCC_WARN_UNUSED_VARIABLE = YES;
				IPHONEOS_DEPLOYMENT_TARGET = 9.2;
				MTL_ENABLE_DEBUG_INFO = YES;
				ONLY_ACTIVE_ARCH = YES;
				SDKROOT = iphoneos;
				TARGETED_DEVICE_FAMILY = "1,2";
			};
			name = Debug;
		};
		1AF0C0B41D586229009CC363 /* Release */ = {
			isa = XCBuildConfiguration;
			buildSettings = {
				ALWAYS_SEARCH_USER_PATHS = NO;
				CLANG_CXX_LANGUAGE_STANDARD = "gnu++0x";
				CLANG_CXX_LIBRARY = "libc++";
				CLANG_ENABLE_MODULES = YES;
				CLANG_ENABLE_OBJC_ARC = YES;
				CLANG_WARN_BOOL_CONVERSION = YES;
				CLANG_WARN_CONSTANT_CONVERSION = YES;
				CLANG_WARN_DIRECT_OBJC_ISA_USAGE = YES_ERROR;
				CLANG_WARN_EMPTY_BODY = YES;
				CLANG_WARN_ENUM_CONVERSION = YES;
				CLANG_WARN_INT_CONVERSION = YES;
				CLANG_WARN_OBJC_ROOT_CLASS = YES_ERROR;
				CLANG_WARN_UNREACHABLE_CODE = YES;
				CLANG_WARN__DUPLICATE_METHOD_MATCH = YES;
				"CODE_SIGN_IDENTITY[sdk=iphoneos*]" = "iPhone Developer";
				COPY_PHASE_STRIP = NO;
				DEBUG_INFORMATION_FORMAT = "dwarf-with-dsym";
				ENABLE_NS_ASSERTIONS = NO;
				ENABLE_STRICT_OBJC_MSGSEND = YES;
				GCC_C_LANGUAGE_STANDARD = gnu99;
				GCC_NO_COMMON_BLOCKS = YES;
				GCC_WARN_64_TO_32_BIT_CONVERSION = YES;
				GCC_WARN_ABOUT_RETURN_TYPE = YES_ERROR;
				GCC_WARN_UNDECLARED_SELECTOR = YES;
				GCC_WARN_UNINITIALIZED_AUTOS = YES_AGGRESSIVE;
				GCC_WARN_UNUSED_FUNCTION = YES;
				GCC_WARN_UNUSED_VARIABLE = YES;
				IPHONEOS_DEPLOYMENT_TARGET = 9.2;
				MTL_ENABLE_DEBUG_INFO = NO;
				SDKROOT = iphoneos;
				TARGETED_DEVICE_FAMILY = "1,2";
				VALIDATE_PRODUCT = YES;
			};
			name = Release;
		};
		1AF0C0B61D586229009CC363 /* Debug */ = {
			isa = XCBuildConfiguration;
			baseConfigurationReference = ACDC2A7E91CE422C70A3B1FA /* Pods-myall.debug.xcconfig */;
			buildSettings = {
				ASSETCATALOG_COMPILER_APPICON_NAME = AppIcon;
				CODE_SIGN_IDENTITY = "iPhone Developer";
				INFOPLIST_FILE = myall/Info.plist;
				IPHONEOS_DEPLOYMENT_TARGET = 8.0;
				LD_RUNPATH_SEARCH_PATHS = "$(inherited) @executable_path/Frameworks";
				PRODUCT_BUNDLE_IDENTIFIER = com.cmcc.hemu;
				PRODUCT_NAME = "$(TARGET_NAME)";
			};
			name = Debug;
		};
		1AF0C0B71D586229009CC363 /* Release */ = {
			isa = XCBuildConfiguration;
			baseConfigurationReference = 6E7FAF3AED73E08F5CA3F5E3 /* Pods-myall.release.xcconfig */;
			buildSettings = {
				ASSETCATALOG_COMPILER_APPICON_NAME = AppIcon;
				CODE_SIGN_IDENTITY = "iPhone Developer";
				INFOPLIST_FILE = myall/Info.plist;
				IPHONEOS_DEPLOYMENT_TARGET = 8.0;
				LD_RUNPATH_SEARCH_PATHS = "$(inherited) @executable_path/Frameworks";
				PRODUCT_BUNDLE_IDENTIFIER = com.cmcc.hemu;
				PRODUCT_NAME = "$(TARGET_NAME)";
			};
			name = Release;
		};
/* End XCBuildConfiguration section */

/* Begin XCConfigurationList section */
		1AF0C0991D586229009CC363 /* Build configuration list for PBXProject "myall" */ = {
			isa = XCConfigurationList;
			buildConfigurations = (
				1AF0C0B31D586229009CC363 /* Debug */,
				1AF0C0B41D586229009CC363 /* Release */,
			);
			defaultConfigurationIsVisible = 0;
			defaultConfigurationName = Release;
		};
		1AF0C0B51D586229009CC363 /* Build configuration list for PBXNativeTarget "myall" */ = {
			isa = XCConfigurationList;
			buildConfigurations = (
				1AF0C0B61D586229009CC363 /* Debug */,
				1AF0C0B71D586229009CC363 /* Release */,
			);
			defaultConfigurationIsVisible = 0;
			defaultConfigurationName = Release;
		};
/* End XCConfigurationList section */
	};
	rootObject = 1AF0C0961D586229009CC363 /* Project object */;
}
